
Microsoft Visual Studio Solution File, Format Version 12.00
# Visual Studio Version 17
VisualStudioVersion = 17.7.34031.279
MinimumVisualStudioVersion = 10.0.40219.1
Project("{9A19103F-16F7-4668-BE54-9A1E7A4F7556}") = "FIT.Data", "FIT.Data\FIT.Data.csproj", "{ACCC8569-FF63-491F-B0F3-291FB044D0FA}"
EndProject
Project("{9A19103F-16F7-4668-BE54-9A1E7A4F7556}") = "FIT.WinForms", "FIT.WinForms\FIT.WinForms.csproj", "{1D9CB7E0-5069-43E6-ACE8-CD67D4197328}"
EndProject
Project("{9A19103F-16F7-4668-BE54-9A1E7A4F7556}") = "FIT.Infrastructure", "FIT.Infrastructure\FIT.Infrastructure.csproj", "{03499195-25D5-4FF2-AAEE-38E3240C8516}"
EndProject
Global
	GlobalSection(SolutionConfigurationPlatforms) = preSolution
		Debug|Any CPU = Debug|Any CPU
		Release|Any CPU = Release|Any CPU
	EndGlobalSection
	GlobalSection(ProjectConfigurationPlatforms) = postSolution
		{ACCC8569-FF63-491F-B0F3-291FB044D0FA}.Debug|Any CPU.ActiveCfg = Debug|Any CPU
		{ACCC8569-FF63-491F-B0F3-291FB044D0FA}.Debug|Any CPU.Build.0 = Debug|Any CPU
		{ACCC8569-FF63-491F-B0F3-291FB044D0FA}.Release|Any CPU.ActiveCfg = Release|Any CPU
		{ACCC8569-FF63-491F-B0F3-291FB044D0FA}.Release|Any CPU.Build.0 = Release|Any CPU
		{1D9CB7E0-5069-43E6-ACE8-CD67D4197328}.Debug|Any CPU.ActiveCfg = Debug|Any CPU
		{1D9CB7E0-5069-43E6-ACE8-CD67D4197328}.Debug|Any CPU.Build.0 = Debug|Any CPU
		{1D9CB7E0-5069-43E6-ACE8-CD67D4197328}.Release|Any CPU.ActiveCfg = Release|Any CPU
		{1D9CB7E0-5069-43E6-ACE8-CD67D4197328}.Release|Any CPU.Build.0 = Release|Any CPU
		{03499195-25D5-4FF2-AAEE-38E3240C8516}.Debug|Any CPU.ActiveCfg = Debug|Any CPU
		{03499195-25D5-4FF2-AAEE-38E3240C8516}.Debug|Any CPU.Build.0 = Debug|Any CPU
		{03499195-25D5-4FF2-AAEE-38E3240C8516}.Release|Any CPU.ActiveCfg = Release|Any CPU
		{03499195-25D5-4FF2-AAEE-38E3240C8516}.Release|Any CPU.Build.0 = Release|Any CPU
	EndGlobalSection
	GlobalSection(SolutionProperties) = preSolution
		HideSolutionNode = FALSE
	EndGlobalSection
	GlobalSection(ExtensibilityGlobals) = postSolution
		SolutionGuid = {2C537235-D835-4A69-9A65-57749317A217}
	EndGlobalSection
EndGlobal
